<?xml version="1.0" encoding="UTF-8"?>
<Scheme
   LastUpgradeVersion = "1310"
   version = "1.3">
   <BuildAction
      parallelizeBuildables = "YES"
      buildImplicitDependencies = "YES">
      <BuildActionEntries>
         <BuildActionEntry
            buildForTesting = "YES"
            buildForRunning = "YES"
            buildForProfiling = "YES"
            buildForArchiving = "YES"
            buildForAnalyzing = "YES">
            <BuildableReference
               BuildableIdentifier = "primary"
               BlueprintIdentifier = "build_android"
               BuildableName = "build_android"
               BlueprintName = "build_android"
               ReferencedContainer = "container:">
            </BuildableReference>
         </BuildActionEntry>
         <BuildActionEntry
            buildForTesting = "YES"
            buildForRunning = "YES"
            buildForProfiling = "NO"
            buildForArchiving = "NO"
            buildForAnalyzing = "YES">
            <BuildableReference
               BuildableIdentifier = "primary"
               BlueprintIdentifier = "build_androidTests"
               BuildableName = "build_androidTests"
               BlueprintName = "build_androidTests"
               ReferencedContainer = "container:">
            </BuildableReference>
         </BuildActionEntry>
      </BuildActionEntries>
   </BuildAction>
   <TestAction
      buildConfiguration = "Debug"
      selectedDebuggerIdentifier = "Xcode.DebuggerFoundation.Debugger.LLDB"
      selectedLauncherIdentifier = "Xcode.DebuggerFoundation.Launcher.LLDB"
      shouldUseLaunchSchemeArgsEnv = "YES">
      <Testables>
         <TestableReference
            skipped = "NO">
            <BuildableReference
               BuildableIdentifier = "primary"
               BlueprintIdentifier = "build_androidTests"
               BuildableName = "build_androidTests"
               BlueprintName = "build_androidTests"
               ReferencedContainer = "container:">
            </BuildableReference>
         </TestableReference>
      </Testables>
   </TestAction>
   <LaunchAction
      buildConfiguration = "Debug"
      selectedDebuggerIdentifier = "Xcode.DebuggerFoundation.Debugger.LLDB"
      selectedLauncherIdentifier = "Xcode.DebuggerFoundation.Launcher.LLDB"
      launchStyle = "0"
      useCustomWorkingDirectory = "YES"
      customWorkingDirectory = "/Users/king/Library/Caches/OpenBranch/flutter_ordering/develop"
      ignoresPersistentStateOnLaunch = "NO"
      debugDocumentVersioning = "YES"
      debugServiceExtension = "internal"
      allowLocationSimulation = "YES">
      <BuildableProductRunnable
         runnableDebuggingMode = "0">
         <BuildableReference
            BuildableIdentifier = "primary"
            BlueprintIdentifier = "build_android"
            BuildableName = "build_android"
            BlueprintName = "build_android"
            ReferencedContainer = "container:">
         </BuildableReference>
      </BuildableProductRunnable>
      <CommandLineArguments>
         <CommandLineArgument
            argument = "--profile 1.0.0"
            isEnabled = "YES">
         </CommandLineArgument>
      </CommandLineArguments>
      <EnvironmentVariables>
         <EnvironmentVariable
            key = "ENV_PATH"
            value = "/Users/king/.mint/bin:/Users/king/flutter/bin:/usr/local/bin:/usr/local/sbin:/usr/local/bin:/usr/bin:/bin:/usr/sbin:/sbin:/Library/Apple/usr/bin&#10;"
            isEnabled = "NO">
         </EnvironmentVariable>
         <EnvironmentVariable
            key = "PATH"
            value = "/usr/local/opt/python@3.10/bin:/usr/local/opt/sqlite/bin:/Users/king/.mint/bin:/Users/king/flutter/bin:/usr/local/bin:/usr/local/sbin:/usr/local/bin:/usr/bin:/bin:/usr/sbin:/sbin:/Library/Apple/usr/bin:/Users/king/.fig/bin:/Users/king/.local/bin//usr/local/bin/fastlane"
            isEnabled = "YES">
         </EnvironmentVariable>
         <EnvironmentVariable
            key = ""
            value = ""
            isEnabled = "NO">
         </EnvironmentVariable>
         <EnvironmentVariable
            key = "APK_PATH"
            value = "/Users/king/.jenkins/workspace/win+_android/build/app/outputs/flutter-apk/app-profile.apk"
            isEnabled = "NO">
         </EnvironmentVariable>
         <EnvironmentVariable
            key = "PWD"
            value = "/Users/king/.jenkins/workspace/win+_android"
            isEnabled = "NO">
         </EnvironmentVariable>
         <EnvironmentVariable
            key = "ZEALOT_HOST"
            value = "https://app.winnermedical.com"
            isEnabled = "NO">
         </EnvironmentVariable>
         <EnvironmentVariable
            key = "ZEALOT_TOKEN"
            value = "f9fefe56eca1a4f4c74f4a127a9062f9"
            isEnabled = "NO">
         </EnvironmentVariable>
         <EnvironmentVariable
            key = "ZEALOT_CHANNEL_KEY"
            value = "cbdf95be07f95a78c6495c4a2117607d"
            isEnabled = "NO">
         </EnvironmentVariable>
         <EnvironmentVariable
            key = "BUILD_ID"
            value = "179"
            isEnabled = "NO">
         </EnvironmentVariable>
      </EnvironmentVariables>
   </LaunchAction>
   <ProfileAction
      buildConfiguration = "Release"
      shouldUseLaunchSchemeArgsEnv = "YES"
      savedToolIdentifier = ""
      useCustomWorkingDirectory = "NO"
      debugDocumentVersioning = "YES">
      <BuildableProductRunnable
         runnableDebuggingMode = "0">
         <BuildableReference
            BuildableIdentifier = "primary"
            BlueprintIdentifier = "build_android"
            BuildableName = "build_android"
            BlueprintName = "build_android"
            ReferencedContainer = "container:">
         </BuildableReference>
      </BuildableProductRunnable>
   </ProfileAction>
   <AnalyzeAction
      buildConfiguration = "Debug">
   </AnalyzeAction>
   <ArchiveAction
      buildConfiguration = "Release"
      revealArchiveInOrganizer = "YES">
   </ArchiveAction>
</Scheme>
